
Microsoft Visual Studio Solution File, Format Version 12.00
# Visual Studio Version 16
VisualStudioVersion = 16.0.31613.86
MinimumVisualStudioVersion = 10.0.40219.1
Project("{FAE04EC0-301F-11D3-BF4B-00C04F79EFBC}") = "Vehicles.Common", "Vehicles.Common\Vehicles.Common.csproj", "{3D2F572B-BD76-40A0-A5A5-896701DE383A}"
EndProject
Project("{FAE04EC0-301F-11D3-BF4B-00C04F79EFBC}") = "Vehicles.API", "Vehicles.API\Vehicles.API.csproj", "{94368524-ECF0-4E7B-83E6-7712D83F7F1F}"
EndProject
Global
	GlobalSection(SolutionConfigurationPlatforms) = preSolution
		Debug|Any CPU = Debug|Any CPU
		Release|Any CPU = Release|Any CPU
	EndGlobalSection
	GlobalSection(ProjectConfigurationPlatforms) = postSolution
		{3D2F572B-BD76-40A0-A5A5-896701DE383A}.Debug|Any CPU.ActiveCfg = Debug|Any CPU
		{3D2F572B-BD76-40A0-A5A5-896701DE383A}.Debug|Any CPU.Build.0 = Debug|Any CPU
		{3D2F572B-BD76-40A0-A5A5-896701DE383A}.Release|Any CPU.ActiveCfg = Release|Any CPU
		{3D2F572B-BD76-40A0-A5A5-896701DE383A}.Release|Any CPU.Build.0 = Release|Any CPU
		{94368524-ECF0-4E7B-83E6-7712D83F7F1F}.Debug|Any CPU.ActiveCfg = Debug|Any CPU
		{94368524-ECF0-4E7B-83E6-7712D83F7F1F}.Debug|Any CPU.Build.0 = Debug|Any CPU
		{94368524-ECF0-4E7B-83E6-7712D83F7F1F}.Release|Any CPU.ActiveCfg = Release|Any CPU
		{94368524-ECF0-4E7B-83E6-7712D83F7F1F}.Release|Any CPU.Build.0 = Release|Any CPU
	EndGlobalSection
	GlobalSection(SolutionProperties) = preSolution
		HideSolutionNode = FALSE
	EndGlobalSection
	GlobalSection(ExtensibilityGlobals) = postSolution
		SolutionGuid = {88FCB0DD-89EA-417C-AFC5-51A97571F673}
	EndGlobalSection
EndGlobal
